
Microsoft Visual Studio Solution File, Format Version 12.00
# Visual Studio Version 17
VisualStudioVersion = 17.14.36310.24 d17.14
MinimumVisualStudioVersion = 10.0.40219.1
Project("{FAE04EC0-301F-11D3-BF4B-00C04F79EFBC}") = "MediaExplorer", "MediaExplorer\MediaExplorer.csproj", "{74DB5D52-07B6-43F2-97C3-C12AC0D33A43}"
EndProject
Global
	GlobalSection(SolutionConfigurationPlatforms) = preSolution
		Debug|Any CPU = Debug|Any CPU
		Release|Any CPU = Release|Any CPU
	EndGlobalSection
	GlobalSection(ProjectConfigurationPlatforms) = postSolution
		{74DB5D52-07B6-43F2-97C3-C12AC0D33A43}.Debug|Any CPU.ActiveCfg = Debug|Any CPU
		{74DB5D52-07B6-43F2-97C3-C12AC0D33A43}.Debug|Any CPU.Build.0 = Debug|Any CPU
		{74DB5D52-07B6-43F2-97C3-C12AC0D33A43}.Release|Any CPU.ActiveCfg = Release|Any CPU
		{74DB5D52-07B6-43F2-97C3-C12AC0D33A43}.Release|Any CPU.Build.0 = Release|Any CPU
	EndGlobalSection
	GlobalSection(SolutionProperties) = preSolution
		HideSolutionNode = FALSE
	EndGlobalSection
	GlobalSection(ExtensibilityGlobals) = postSolution
		SolutionGuid = {4430E8A4-8009-4C84-A123-BAE6D6F24BFA}
	EndGlobalSection
EndGlobal
